
Microsoft Visual Studio Solution File, Format Version 12.00
# Visual Studio Version 17
VisualStudioVersion = 17.5.33516.290
MinimumVisualStudioVersion = 10.0.40219.1
Project("{9A19103F-16F7-4668-BE54-9A1E7A4F7556}") = "App.Entities", "App.Entities\App.Entities.csproj", "{963E03E1-D209-46F5-8201-8C0F3362FD7C}"
EndProject
Project("{9A19103F-16F7-4668-BE54-9A1E7A4F7556}") = "App.Data", "App.Data\App.Data.csproj", "{E0BE89CF-9423-4745-A340-197387E1050F}"
EndProject
Project("{9A19103F-16F7-4668-BE54-9A1E7A4F7556}") = "App.Business", "App.Business\App.Business.csproj", "{5FA6DE6A-0170-4AEA-A8CA-F39B2E629B86}"
EndProject
Project("{9A19103F-16F7-4668-BE54-9A1E7A4F7556}") = "App.Presentation", "App.Presentation\App.Presentation.csproj", "{5542056D-EA7C-44CB-9C4E-6EB0858D8235}"
EndProject
Project("{9A19103F-16F7-4668-BE54-9A1E7A4F7556}") = "WebAPI", "WebAPI\WebAPI.csproj", "{8BFE03D8-BE9A-41CF-8971-8BBC23EFD9A0}"
EndProject
Project("{9A19103F-16F7-4668-BE54-9A1E7A4F7556}") = "ConsolaPrueba", "ConsolaPrueba\ConsolaPrueba.csproj", "{5E27C4B5-96E7-4581-BCA1-2AC6841CA808}"
EndProject
Project("{9A19103F-16F7-4668-BE54-9A1E7A4F7556}") = "WebApp", "WebApp\WebApp.csproj", "{A23E93AE-AAF3-4CE8-85CC-BF11CCD8C90C}"
EndProject
Project("{FAE04EC0-301F-11D3-BF4B-00C04F79EFBC}") = "MobileApp.Android", "MobileApp\MobileApp.Android\MobileApp.Android.csproj", "{57D06F19-5804-412A-9ABA-DE071D0C6602}"
EndProject
Project("{FAE04EC0-301F-11D3-BF4B-00C04F79EFBC}") = "MobileApp.iOS", "MobileApp\MobileApp.iOS\MobileApp.iOS.csproj", "{560EE760-7913-4268-912F-827581E24D80}"
EndProject
Project("{9A19103F-16F7-4668-BE54-9A1E7A4F7556}") = "MobileApp", "MobileApp\MobileApp\MobileApp.csproj", "{0AF415AD-1FD4-4068-A251-797BB888C75D}"
EndProject
Project("{FAE04EC0-301F-11D3-BF4B-00C04F79EFBC}") = "AppMovil.Android", "AppMovil\AppMovil.Android\AppMovil.Android.csproj", "{FA53E7D1-DED8-4B26-9C42-CC816B36D741}"
EndProject
Project("{FAE04EC0-301F-11D3-BF4B-00C04F79EFBC}") = "AppMovil.iOS", "AppMovil\AppMovil.iOS\AppMovil.iOS.csproj", "{7FCF9B25-63B5-4D66-9DE4-017186251B6B}"
EndProject
Project("{FAE04EC0-301F-11D3-BF4B-00C04F79EFBC}") = "AppMovil", "AppMovil\AppMovil\AppMovil.csproj", "{D9DD1DA5-2719-4193-804C-2BB19C5F6859}"
EndProject
Global
	GlobalSection(SolutionConfigurationPlatforms) = preSolution
		Debug|Any CPU = Debug|Any CPU
		Debug|iPhone = Debug|iPhone
		Debug|iPhoneSimulator = Debug|iPhoneSimulator
		Release|Any CPU = Release|Any CPU
		Release|iPhone = Release|iPhone
		Release|iPhoneSimulator = Release|iPhoneSimulator
	EndGlobalSection
	GlobalSection(ProjectConfigurationPlatforms) = postSolution
		{963E03E1-D209-46F5-8201-8C0F3362FD7C}.Debug|Any CPU.ActiveCfg = Debug|Any CPU
		{963E03E1-D209-46F5-8201-8C0F3362FD7C}.Debug|Any CPU.Build.0 = Debug|Any CPU
		{963E03E1-D209-46F5-8201-8C0F3362FD7C}.Debug|iPhone.ActiveCfg = Debug|Any CPU
		{963E03E1-D209-46F5-8201-8C0F3362FD7C}.Debug|iPhone.Build.0 = Debug|Any CPU
		{963E03E1-D209-46F5-8201-8C0F3362FD7C}.Debug|iPhoneSimulator.ActiveCfg = Debug|Any CPU
		{963E03E1-D209-46F5-8201-8C0F3362FD7C}.Debug|iPhoneSimulator.Build.0 = Debug|Any CPU
		{963E03E1-D209-46F5-8201-8C0F3362FD7C}.Release|Any CPU.ActiveCfg = Release|Any CPU
		{963E03E1-D209-46F5-8201-8C0F3362FD7C}.Release|Any CPU.Build.0 = Release|Any CPU
		{963E03E1-D209-46F5-8201-8C0F3362FD7C}.Release|iPhone.ActiveCfg = Release|Any CPU
		{963E03E1-D209-46F5-8201-8C0F3362FD7C}.Release|iPhone.Build.0 = Release|Any CPU
		{963E03E1-D209-46F5-8201-8C0F3362FD7C}.Release|iPhoneSimulator.ActiveCfg = Release|Any CPU
		{963E03E1-D209-46F5-8201-8C0F3362FD7C}.Release|iPhoneSimulator.Build.0 = Release|Any CPU
		{E0BE89CF-9423-4745-A340-197387E1050F}.Debug|Any CPU.ActiveCfg = Debug|Any CPU
		{E0BE89CF-9423-4745-A340-197387E1050F}.Debug|Any CPU.Build.0 = Debug|Any CPU
		{E0BE89CF-9423-4745-A340-197387E1050F}.Debug|iPhone.ActiveCfg = Debug|Any CPU
		{E0BE89CF-9423-4745-A340-197387E1050F}.Debug|iPhone.Build.0 = Debug|Any CPU
		{E0BE89CF-9423-4745-A340-197387E1050F}.Debug|iPhoneSimulator.ActiveCfg = Debug|Any CPU
		{E0BE89CF-9423-4745-A340-197387E1050F}.Debug|iPhoneSimulator.Build.0 = Debug|Any CPU
		{E0BE89CF-9423-4745-A340-197387E1050F}.Release|Any CPU.ActiveCfg = Release|Any CPU
		{E0BE89CF-9423-4745-A340-197387E1050F}.Release|Any CPU.Build.0 = Release|Any CPU
		{E0BE89CF-9423-4745-A340-197387E1050F}.Release|iPhone.ActiveCfg = Release|Any CPU
		{E0BE89CF-9423-4745-A340-197387E1050F}.Release|iPhone.Build.0 = Release|Any CPU
		{E0BE89CF-9423-4745-A340-197387E1050F}.Release|iPhoneSimulator.ActiveCfg = Release|Any CPU
		{E0BE89CF-9423-4745-A340-197387E1050F}.Release|iPhoneSimulator.Build.0 = Release|Any CPU
		{5FA6DE6A-0170-4AEA-A8CA-F39B2E629B86}.Debug|Any CPU.ActiveCfg = Debug|Any CPU
		{5FA6DE6A-0170-4AEA-A8CA-F39B2E629B86}.Debug|Any CPU.Build.0 = Debug|Any CPU
		{5FA6DE6A-0170-4AEA-A8CA-F39B2E629B86}.Debug|iPhone.ActiveCfg = Debug|Any CPU
		{5FA6DE6A-0170-4AEA-A8CA-F39B2E629B86}.Debug|iPhone.Build.0 = Debug|Any CPU
		{5FA6DE6A-0170-4AEA-A8CA-F39B2E629B86}.Debug|iPhoneSimulator.ActiveCfg = Debug|Any CPU
		{5FA6DE6A-0170-4AEA-A8CA-F39B2E629B86}.Debug|iPhoneSimulator.Build.0 = Debug|Any CPU
		{5FA6DE6A-0170-4AEA-A8CA-F39B2E629B86}.Release|Any CPU.ActiveCfg = Release|Any CPU
		{5FA6DE6A-0170-4AEA-A8CA-F39B2E629B86}.Release|Any CPU.Build.0 = Release|Any CPU
		{5FA6DE6A-0170-4AEA-A8CA-F39B2E629B86}.Release|iPhone.ActiveCfg = Release|Any CPU
		{5FA6DE6A-0170-4AEA-A8CA-F39B2E629B86}.Release|iPhone.Build.0 = Release|Any CPU
		{5FA6DE6A-0170-4AEA-A8CA-F39B2E629B86}.Release|iPhoneSimulator.ActiveCfg = Release|Any CPU
		{5FA6DE6A-0170-4AEA-A8CA-F39B2E629B86}.Release|iPhoneSimulator.Build.0 = Release|Any CPU
		{5542056D-EA7C-44CB-9C4E-6EB0858D8235}.Debug|Any CPU.ActiveCfg = Debug|Any CPU
		{5542056D-EA7C-44CB-9C4E-6EB0858D8235}.Debug|Any CPU.Build.0 = Debug|Any CPU
		{5542056D-EA7C-44CB-9C4E-6EB0858D8235}.Debug|iPhone.ActiveCfg = Debug|Any CPU
		{5542056D-EA7C-44CB-9C4E-6EB0858D8235}.Debug|iPhone.Build.0 = Debug|Any CPU
		{5542056D-EA7C-44CB-9C4E-6EB0858D8235}.Debug|iPhoneSimulator.ActiveCfg = Debug|Any CPU
		{5542056D-EA7C-44CB-9C4E-6EB0858D8235}.Debug|iPhoneSimulator.Build.0 = Debug|Any CPU
		{5542056D-EA7C-44CB-9C4E-6EB0858D8235}.Release|Any CPU.ActiveCfg = Release|Any CPU
		{5542056D-EA7C-44CB-9C4E-6EB0858D8235}.Release|Any CPU.Build.0 = Release|Any CPU
		{5542056D-EA7C-44CB-9C4E-6EB0858D8235}.Release|iPhone.ActiveCfg = Release|Any CPU
		{5542056D-EA7C-44CB-9C4E-6EB0858D8235}.Release|iPhone.Build.0 = Release|Any CPU
		{5542056D-EA7C-44CB-9C4E-6EB0858D8235}.Release|iPhoneSimulator.ActiveCfg = Release|Any CPU
		{5542056D-EA7C-44CB-9C4E-6EB0858D8235}.Release|iPhoneSimulator.Build.0 = Release|Any CPU
		{8BFE03D8-BE9A-41CF-8971-8BBC23EFD9A0}.Debug|Any CPU.ActiveCfg = Debug|Any CPU
		{8BFE03D8-BE9A-41CF-8971-8BBC23EFD9A0}.Debug|Any CPU.Build.0 = Debug|Any CPU
		{8BFE03D8-BE9A-41CF-8971-8BBC23EFD9A0}.Debug|iPhone.ActiveCfg = Debug|Any CPU
		{8BFE03D8-BE9A-41CF-8971-8BBC23EFD9A0}.Debug|iPhone.Build.0 = Debug|Any CPU
		{8BFE03D8-BE9A-41CF-8971-8BBC23EFD9A0}.Debug|iPhoneSimulator.ActiveCfg = Debug|Any CPU
		{8BFE03D8-BE9A-41CF-8971-8BBC23EFD9A0}.Debug|iPhoneSimulator.Build.0 = Debug|Any CPU
		{8BFE03D8-BE9A-41CF-8971-8BBC23EFD9A0}.Release|Any CPU.ActiveCfg = Release|Any CPU
		{8BFE03D8-BE9A-41CF-8971-8BBC23EFD9A0}.Release|Any CPU.Build.0 = Release|Any CPU
		{8BFE03D8-BE9A-41CF-8971-8BBC23EFD9A0}.Release|iPhone.ActiveCfg = Release|Any CPU
		{8BFE03D8-BE9A-41CF-8971-8BBC23EFD9A0}.Release|iPhone.Build.0 = Release|Any CPU
		{8BFE03D8-BE9A-41CF-8971-8BBC23EFD9A0}.Release|iPhoneSimulator.ActiveCfg = Release|Any CPU
		{8BFE03D8-BE9A-41CF-8971-8BBC23EFD9A0}.Release|iPhoneSimulator.Build.0 = Release|Any CPU
		{5E27C4B5-96E7-4581-BCA1-2AC6841CA808}.Debug|Any CPU.ActiveCfg = Debug|Any CPU
		{5E27C4B5-96E7-4581-BCA1-2AC6841CA808}.Debug|Any CPU.Build.0 = Debug|Any CPU
		{5E27C4B5-96E7-4581-BCA1-2AC6841CA808}.Debug|iPhone.ActiveCfg = Debug|Any CPU
		{5E27C4B5-96E7-4581-BCA1-2AC6841CA808}.Debug|iPhone.Build.0 = Debug|Any CPU
		{5E27C4B5-96E7-4581-BCA1-2AC6841CA808}.Debug|iPhoneSimulator.ActiveCfg = Debug|Any CPU
		{5E27C4B5-96E7-4581-BCA1-2AC6841CA808}.Debug|iPhoneSimulator.Build.0 = Debug|Any CPU
		{5E27C4B5-96E7-4581-BCA1-2AC6841CA808}.Release|Any CPU.ActiveCfg = Release|Any CPU
		{5E27C4B5-96E7-4581-BCA1-2AC6841CA808}.Release|Any CPU.Build.0 = Release|Any CPU
		{5E27C4B5-96E7-4581-BCA1-2AC6841CA808}.Release|iPhone.ActiveCfg = Release|Any CPU
		{5E27C4B5-96E7-4581-BCA1-2AC6841CA808}.Release|iPhone.Build.0 = Release|Any CPU
		{5E27C4B5-96E7-4581-BCA1-2AC6841CA808}.Release|iPhoneSimulator.ActiveCfg = Release|Any CPU
		{5E27C4B5-96E7-4581-BCA1-2AC6841CA808}.Release|iPhoneSimulator.Build.0 = Release|Any CPU
		{A23E93AE-AAF3-4CE8-85CC-BF11CCD8C90C}.Debug|Any CPU.ActiveCfg = Debug|Any CPU
		{A23E93AE-AAF3-4CE8-85CC-BF11CCD8C90C}.Debug|Any CPU.Build.0 = Debug|Any CPU
		{A23E93AE-AAF3-4CE8-85CC-BF11CCD8C90C}.Debug|iPhone.ActiveCfg = Debug|Any CPU
		{A23E93AE-AAF3-4CE8-85CC-BF11CCD8C90C}.Debug|iPhone.Build.0 = Debug|Any CPU
		{A23E93AE-AAF3-4CE8-85CC-BF11CCD8C90C}.Debug|iPhoneSimulator.ActiveCfg = Debug|Any CPU
		{A23E93AE-AAF3-4CE8-85CC-BF11CCD8C90C}.Debug|iPhoneSimulator.Build.0 = Debug|Any CPU
		{A23E93AE-AAF3-4CE8-85CC-BF11CCD8C90C}.Release|Any CPU.ActiveCfg = Release|Any CPU
		{A23E93AE-AAF3-4CE8-85CC-BF11CCD8C90C}.Release|Any CPU.Build.0 = Release|Any CPU
		{A23E93AE-AAF3-4CE8-85CC-BF11CCD8C90C}.Release|iPhone.ActiveCfg = Release|Any CPU
		{A23E93AE-AAF3-4CE8-85CC-BF11CCD8C90C}.Release|iPhone.Build.0 = Release|Any CPU
		{A23E93AE-AAF3-4CE8-85CC-BF11CCD8C90C}.Release|iPhoneSimulator.ActiveCfg = Release|Any CPU
		{A23E93AE-AAF3-4CE8-85CC-BF11CCD8C90C}.Release|iPhoneSimulator.Build.0 = Release|Any CPU
		{57D06F19-5804-412A-9ABA-DE071D0C6602}.Debug|Any CPU.ActiveCfg = Debug|Any CPU
		{57D06F19-5804-412A-9ABA-DE071D0C6602}.Debug|Any CPU.Build.0 = Debug|Any CPU
		{57D06F19-5804-412A-9ABA-DE071D0C6602}.Debug|Any CPU.Deploy.0 = Debug|Any CPU
		{57D06F19-5804-412A-9ABA-DE071D0C6602}.Debug|iPhone.ActiveCfg = Debug|Any CPU
		{57D06F19-5804-412A-9ABA-DE071D0C6602}.Debug|iPhone.Build.0 = Debug|Any CPU
		{57D06F19-5804-412A-9ABA-DE071D0C6602}.Debug|iPhone.Deploy.0 = Debug|Any CPU
		{57D06F19-5804-412A-9ABA-DE071D0C6602}.Debug|iPhoneSimulator.ActiveCfg = Debug|Any CPU
		{57D06F19-5804-412A-9ABA-DE071D0C6602}.Debug|iPhoneSimulator.Build.0 = Debug|Any CPU
		{57D06F19-5804-412A-9ABA-DE071D0C6602}.Debug|iPhoneSimulator.Deploy.0 = Debug|Any CPU
		{57D06F19-5804-412A-9ABA-DE071D0C6602}.Release|Any CPU.ActiveCfg = Release|Any CPU
		{57D06F19-5804-412A-9ABA-DE071D0C6602}.Release|Any CPU.Build.0 = Release|Any CPU
		{57D06F19-5804-412A-9ABA-DE071D0C6602}.Release|Any CPU.Deploy.0 = Release|Any CPU
		{57D06F19-5804-412A-9ABA-DE071D0C6602}.Release|iPhone.ActiveCfg = Release|Any CPU
		{57D06F19-5804-412A-9ABA-DE071D0C6602}.Release|iPhone.Build.0 = Release|Any CPU
		{57D06F19-5804-412A-9ABA-DE071D0C6602}.Release|iPhone.Deploy.0 = Release|Any CPU
		{57D06F19-5804-412A-9ABA-DE071D0C6602}.Release|iPhoneSimulator.ActiveCfg = Release|Any CPU
		{57D06F19-5804-412A-9ABA-DE071D0C6602}.Release|iPhoneSimulator.Build.0 = Release|Any CPU
		{57D06F19-5804-412A-9ABA-DE071D0C6602}.Release|iPhoneSimulator.Deploy.0 = Release|Any CPU
		{560EE760-7913-4268-912F-827581E24D80}.Debug|Any CPU.ActiveCfg = Debug|iPhoneSimulator
		{560EE760-7913-4268-912F-827581E24D80}.Debug|Any CPU.Build.0 = Debug|iPhoneSimulator
		{560EE760-7913-4268-912F-827581E24D80}.Debug|iPhone.ActiveCfg = Debug|iPhone
		{560EE760-7913-4268-912F-827581E24D80}.Debug|iPhone.Build.0 = Debug|iPhone
		{560EE760-7913-4268-912F-827581E24D80}.Debug|iPhoneSimulator.ActiveCfg = Debug|iPhoneSimulator
		{560EE760-7913-4268-912F-827581E24D80}.Debug|iPhoneSimulator.Build.0 = Debug|iPhoneSimulator
		{560EE760-7913-4268-912F-827581E24D80}.Release|Any CPU.ActiveCfg = Release|iPhoneSimulator
		{560EE760-7913-4268-912F-827581E24D80}.Release|Any CPU.Build.0 = Release|iPhoneSimulator
		{560EE760-7913-4268-912F-827581E24D80}.Release|iPhone.ActiveCfg = Release|iPhone
		{560EE760-7913-4268-912F-827581E24D80}.Release|iPhone.Build.0 = Release|iPhone
		{560EE760-7913-4268-912F-827581E24D80}.Release|iPhoneSimulator.ActiveCfg = Release|iPhoneSimulator
		{560EE760-7913-4268-912F-827581E24D80}.Release|iPhoneSimulator.Build.0 = Release|iPhoneSimulator
		{0AF415AD-1FD4-4068-A251-797BB888C75D}.Debug|Any CPU.ActiveCfg = Debug|Any CPU
		{0AF415AD-1FD4-4068-A251-797BB888C75D}.Debug|Any CPU.Build.0 = Debug|Any CPU
		{0AF415AD-1FD4-4068-A251-797BB888C75D}.Debug|iPhone.ActiveCfg = Debug|Any CPU
		{0AF415AD-1FD4-4068-A251-797BB888C75D}.Debug|iPhone.Build.0 = Debug|Any CPU
		{0AF415AD-1FD4-4068-A251-797BB888C75D}.Debug|iPhoneSimulator.ActiveCfg = Debug|Any CPU
		{0AF415AD-1FD4-4068-A251-797BB888C75D}.Debug|iPhoneSimulator.Build.0 = Debug|Any CPU
		{0AF415AD-1FD4-4068-A251-797BB888C75D}.Release|Any CPU.ActiveCfg = Release|Any CPU
		{0AF415AD-1FD4-4068-A251-797BB888C75D}.Release|Any CPU.Build.0 = Release|Any CPU
		{0AF415AD-1FD4-4068-A251-797BB888C75D}.Release|iPhone.ActiveCfg = Release|Any CPU
		{0AF415AD-1FD4-4068-A251-797BB888C75D}.Release|iPhone.Build.0 = Release|Any CPU
		{0AF415AD-1FD4-4068-A251-797BB888C75D}.Release|iPhoneSimulator.ActiveCfg = Release|Any CPU
		{0AF415AD-1FD4-4068-A251-797BB888C75D}.Release|iPhoneSimulator.Build.0 = Release|Any CPU
		{FA53E7D1-DED8-4B26-9C42-CC816B36D741}.Debug|Any CPU.ActiveCfg = Debug|Any CPU
		{FA53E7D1-DED8-4B26-9C42-CC816B36D741}.Debug|Any CPU.Build.0 = Debug|Any CPU
		{FA53E7D1-DED8-4B26-9C42-CC816B36D741}.Debug|Any CPU.Deploy.0 = Debug|Any CPU
		{FA53E7D1-DED8-4B26-9C42-CC816B36D741}.Debug|iPhone.ActiveCfg = Debug|Any CPU
		{FA53E7D1-DED8-4B26-9C42-CC816B36D741}.Debug|iPhone.Build.0 = Debug|Any CPU
		{FA53E7D1-DED8-4B26-9C42-CC816B36D741}.Debug|iPhone.Deploy.0 = Debug|Any CPU
		{FA53E7D1-DED8-4B26-9C42-CC816B36D741}.Debug|iPhoneSimulator.ActiveCfg = Debug|Any CPU
		{FA53E7D1-DED8-4B26-9C42-CC816B36D741}.Debug|iPhoneSimulator.Build.0 = Debug|Any CPU
		{FA53E7D1-DED8-4B26-9C42-CC816B36D741}.Debug|iPhoneSimulator.Deploy.0 = Debug|Any CPU
		{FA53E7D1-DED8-4B26-9C42-CC816B36D741}.Release|Any CPU.ActiveCfg = Release|Any CPU
		{FA53E7D1-DED8-4B26-9C42-CC816B36D741}.Release|Any CPU.Build.0 = Release|Any CPU
		{FA53E7D1-DED8-4B26-9C42-CC816B36D741}.Release|Any CPU.Deploy.0 = Release|Any CPU
		{FA53E7D1-DED8-4B26-9C42-CC816B36D741}.Release|iPhone.ActiveCfg = Release|Any CPU
		{FA53E7D1-DED8-4B26-9C42-CC816B36D741}.Release|iPhone.Build.0 = Release|Any CPU
		{FA53E7D1-DED8-4B26-9C42-CC816B36D741}.Release|iPhone.Deploy.0 = Release|Any CPU
		{FA53E7D1-DED8-4B26-9C42-CC816B36D741}.Release|iPhoneSimulator.ActiveCfg = Release|Any CPU
		{FA53E7D1-DED8-4B26-9C42-CC816B36D741}.Release|iPhoneSimulator.Build.0 = Release|Any CPU
		{FA53E7D1-DED8-4B26-9C42-CC816B36D741}.Release|iPhoneSimulator.Deploy.0 = Release|Any CPU
		{7FCF9B25-63B5-4D66-9DE4-017186251B6B}.Debug|Any CPU.ActiveCfg = Debug|iPhoneSimulator
		{7FCF9B25-63B5-4D66-9DE4-017186251B6B}.Debug|Any CPU.Build.0 = Debug|iPhoneSimulator
		{7FCF9B25-63B5-4D66-9DE4-017186251B6B}.Debug|iPhone.ActiveCfg = Debug|iPhone
		{7FCF9B25-63B5-4D66-9DE4-017186251B6B}.Debug|iPhone.Build.0 = Debug|iPhone
		{7FCF9B25-63B5-4D66-9DE4-017186251B6B}.Debug|iPhoneSimulator.ActiveCfg = Debug|iPhoneSimulator
		{7FCF9B25-63B5-4D66-9DE4-017186251B6B}.Debug|iPhoneSimulator.Build.0 = Debug|iPhoneSimulator
		{7FCF9B25-63B5-4D66-9DE4-017186251B6B}.Release|Any CPU.ActiveCfg = Release|iPhoneSimulator
		{7FCF9B25-63B5-4D66-9DE4-017186251B6B}.Release|Any CPU.Build.0 = Release|iPhoneSimulator
		{7FCF9B25-63B5-4D66-9DE4-017186251B6B}.Release|iPhone.ActiveCfg = Release|iPhone
		{7FCF9B25-63B5-4D66-9DE4-017186251B6B}.Release|iPhone.Build.0 = Release|iPhone
		{7FCF9B25-63B5-4D66-9DE4-017186251B6B}.Release|iPhoneSimulator.ActiveCfg = Release|iPhoneSimulator
		{7FCF9B25-63B5-4D66-9DE4-017186251B6B}.Release|iPhoneSimulator.Build.0 = Release|iPhoneSimulator
		{D9DD1DA5-2719-4193-804C-2BB19C5F6859}.Debug|Any CPU.ActiveCfg = Debug|Any CPU
		{D9DD1DA5-2719-4193-804C-2BB19C5F6859}.Debug|Any CPU.Build.0 = Debug|Any CPU
		{D9DD1DA5-2719-4193-804C-2BB19C5F6859}.Debug|iPhone.ActiveCfg = Debug|Any CPU
		{D9DD1DA5-2719-4193-804C-2BB19C5F6859}.Debug|iPhone.Build.0 = Debug|Any CPU
		{D9DD1DA5-2719-4193-804C-2BB19C5F6859}.Debug|iPhoneSimulator.ActiveCfg = Debug|Any CPU
		{D9DD1DA5-2719-4193-804C-2BB19C5F6859}.Debug|iPhoneSimulator.Build.0 = Debug|Any CPU
		{D9DD1DA5-2719-4193-804C-2BB19C5F6859}.Release|Any CPU.ActiveCfg = Release|Any CPU
		{D9DD1DA5-2719-4193-804C-2BB19C5F6859}.Release|Any CPU.Build.0 = Release|Any CPU
		{D9DD1DA5-2719-4193-804C-2BB19C5F6859}.Release|iPhone.ActiveCfg = Release|Any CPU
		{D9DD1DA5-2719-4193-804C-2BB19C5F6859}.Release|iPhone.Build.0 = Release|Any CPU
		{D9DD1DA5-2719-4193-804C-2BB19C5F6859}.Release|iPhoneSimulator.ActiveCfg = Release|Any CPU
		{D9DD1DA5-2719-4193-804C-2BB19C5F6859}.Release|iPhoneSimulator.Build.0 = Release|Any CPU
	EndGlobalSection
	GlobalSection(SolutionProperties) = preSolution
		HideSolutionNode = FALSE
	EndGlobalSection
	GlobalSection(ExtensibilityGlobals) = postSolution
		SolutionGuid = {2133BB96-A904-4D2A-81C4-EF0CB657E63A}
	EndGlobalSection
EndGlobal
